// !$*UTF8*$!
{
	archiveVersion = 1;
	classes = {
	};
	objectVersion = 50;
	objects = {

/* Begin PBXBuildFile section */
		DAA73478242089BB003B75FC /* AppDelegate.swift in Sources */ = {isa = PBXBuildFile; fileRef = DAA73477242089BB003B75FC /* AppDelegate.swift */; };
		DAA7347A242089BB003B75FC /* SceneDelegate.swift in Sources */ = {isa = PBXBuildFile; fileRef = DAA73479242089BB003B75FC /* SceneDelegate.swift */; };
		DAA7347C242089BB003B75FC /* ViewController.swift in Sources */ = {isa = PBXBuildFile; fileRef = DAA7347B242089BB003B75FC /* ViewController.swift */; };
		DAA7347F242089BB003B75FC /* Main.storyboard in Resources */ = {isa = PBXBuildFile; fileRef = DAA7347D242089BB003B75FC /* Main.storyboard */; };
		DAA73481242089C4003B75FC /* Assets.xcassets in Resources */ = {isa = PBXBuildFile; fileRef = DAA73480242089C4003B75FC /* Assets.xcassets */; };
		DAA73484242089C4003B75FC /* LaunchScreen.storyboard in Resources */ = {isa = PBXBuildFile; fileRef = DAA73482242089C4003B75FC /* LaunchScreen.storyboard */; };
		DAA7348F242089C5003B75FC /* weatherTests.swift in Sources */ = {isa = PBXBuildFile; fileRef = DAA7348E242089C5003B75FC /* weatherTests.swift */; };
		DAA7349A242089C5003B75FC /* weatherUITests.swift in Sources */ = {isa = PBXBuildFile; fileRef = DAA73499242089C5003B75FC /* weatherUITests.swift */; };
/* End PBXBuildFile section */

/* Begin PBXContainerItemProxy section */
		DAA7348B242089C5003B75FC /* PBXContainerItemProxy */ = {
			isa = PBXContainerItemProxy;
			containerPortal = DAA7346C242089BB003B75FC /* Project object */;
			proxyType = 1;
			remoteGlobalIDString = DAA73473242089BB003B75FC;
			remoteInfo = weather;
		};
		DAA73496242089C5003B75FC /* PBXContainerItemProxy */ = {
			isa = PBXContainerItemProxy;
			containerPortal = DAA7346C242089BB003B75FC /* Project object */;
			proxyType = 1;
			remoteGlobalIDString = DAA73473242089BB003B75FC;
			remoteInfo = weather;
		};
/* End PBXContainerItemProxy section */

/* Begin PBXFileReference section */
		DAA73474242089BB003B75FC /* weather.app */ = {isa = PBXFileReference; explicitFileType = wrapper.application; includeInIndex = 0; path = weather.app; sourceTree = BUILT_PRODUCTS_DIR; };
		DAA73477242089BB003B75FC /* AppDelegate.swift */ = {isa = PBXFileReference; lastKnownFileType = sourcecode.swift; path = AppDelegate.swift; sourceTree = "<group>"; };
		DAA73479242089BB003B75FC /* SceneDelegate.swift */ = {isa = PBXFileReference; lastKnownFileType = sourcecode.swift; path = SceneDelegate.swift; sourceTree = "<group>"; };
		DAA7347B242089BB003B75FC /* ViewController.swift */ = {isa = PBXFileReference; lastKnownFileType = sourcecode.swift; path = ViewController.swift; sourceTree = "<group>"; };
		DAA7347E242089BB003B75FC /* Base */ = {isa = PBXFileReference; lastKnownFileType = file.storyboard; name = Base; path = Base.lproj/Main.storyboard; sourceTree = "<group>"; };
		DAA73480242089C4003B75FC /* Assets.xcassets */ = {isa = PBXFileReference; lastKnownFileType = folder.assetcatalog; path = Assets.xcassets; sourceTree = "<group>"; };
		DAA73483242089C4003B75FC /* Base */ = {isa = PBXFileReference; lastKnownFileType = file.storyboard; name = Base; path = Base.lproj/LaunchScreen.storyboard; sourceTree = "<group>"; };
		DAA73485242089C4003B75FC /* Info.plist */ = {isa = PBXFileReference; lastKnownFileType = text.plist.xml; path = Info.plist; sourceTree = "<group>"; };
		DAA7348A242089C5003B75FC /* weatherTests.xctest */ = {isa = PBXFileReference; explicitFileType = wrapper.cfbundle; includeInIndex = 0; path = weatherTests.xctest; sourceTree = BUILT_PRODUCTS_DIR; };
		DAA7348E242089C5003B75FC /* weatherTests.swift */ = {isa = PBXFileReference; lastKnownFileType = sourcecode.swift; path = weatherTests.swift; sourceTree = "<group>"; };
		DAA73490242089C5003B75FC /* Info.plist */ = {isa = PBXFileReference; lastKnownFileType = text.plist.xml; path = Info.plist; sourceTree = "<group>"; };
		DAA73495242089C5003B75FC /* weatherUITests.xctest */ = {isa = PBXFileReference; explicitFileType = wrapper.cfbundle; includeInIndex = 0; path = weatherUITests.xctest; sourceTree = BUILT_PRODUCTS_DIR; };
		DAA73499242089C5003B75FC /* weatherUITests.swift */ = {isa = PBXFileReference; lastKnownFileType = sourcecode.swift; path = weatherUITests.swift; sourceTree = "<group>"; };
		DAA7349B242089C5003B75FC /* Info.plist */ = {isa = PBXFileReference; lastKnownFileType = text.plist.xml; path = Info.plist; sourceTree = "<group>"; };
/* End PBXFileReference section */

/* Begin PBXFrameworksBuildPhase section */
		DAA73471242089BB003B75FC /* Frameworks */ = {
			isa = PBXFrameworksBuildPhase;
			buildActionMask = 2147483647;
			files = (
			);
			runOnlyForDeploymentPostprocessing = 0;
		};
		DAA73487242089C5003B75FC /* Frameworks */ = {
			isa = PBXFrameworksBuildPhase;
			buildActionMask = 2147483647;
			files = (
			);
			runOnlyForDeploymentPostprocessing = 0;
		};
		DAA73492242089C5003B75FC /* Frameworks */ = {
			isa = PBXFrameworksBuildPhase;
			buildActionMask = 2147483647;
			files = (
			);
			runOnlyForDeploymentPostprocessing = 0;
		};
/* End PBXFrameworksBuildPhase section */

/* Begin PBXGroup section */
		DAA7346B242089BB003B75FC = {
			isa = PBXGroup;
			children = (
				DAA73476242089BB003B75FC /* weather */,
				DAA7348D242089C5003B75FC /* weatherTests */,
				DAA73498242089C5003B75FC /* weatherUITests */,
				DAA73475242089BB003B75FC /* Products */,
			);
			sourceTree = "<group>";
		};
		DAA73475242089BB003B75FC /* Products */ = {
			isa = PBXGroup;
			children = (
				DAA73474242089BB003B75FC /* weather.app */,
				DAA7348A242089C5003B75FC /* weatherTests.xctest */,
				DAA73495242089C5003B75FC /* weatherUITests.xctest */,
			);
			name = Products;
			sourceTree = "<group>";
		};
		DAA73476242089BB003B75FC /* weather */ = {
			isa = PBXGroup;
			children = (
				DAA73477242089BB003B75FC /* AppDelegate.swift */,
				DAA73479242089BB003B75FC /* SceneDelegate.swift */,
				DAA7347B242089BB003B75FC /* ViewController.swift */,
				DAA7347D242089BB003B75FC /* Main.storyboard */,
				DAA73480242089C4003B75FC /* Assets.xcassets */,
				DAA73482242089C4003B75FC /* LaunchScreen.storyboard */,
				DAA73485242089C4003B75FC /* Info.plist */,
			);
			path = weather;
			sourceTree = "<group>";
		};
		DAA7348D242089C5003B75FC /* weatherTests */ = {
			isa = PBXGroup;
			children = (
				DAA7348E242089C5003B75FC /* weatherTests.swift */,
				DAA73490242089C5003B75FC /* Info.plist */,
			);
			path = weatherTests;
			sourceTree = "<group>";
		};
		DAA73498242089C5003B75FC /* weatherUITests */ = {
			isa = PBXGroup;
			children = (
				DAA73499242089C5003B75FC /* weatherUITests.swift */,
				DAA7349B242089C5003B75FC /* Info.plist */,
			);
			path = weatherUITests;
			sourceTree = "<group>";
		};
/* End PBXGroup section */

/* Begin PBXNativeTarget section */
		DAA73473242089BB003B75FC /* weather */ = {
			isa = PBXNativeTarget;
			buildConfigurationList = DAA7349E242089C5003B75FC /* Build configuration list for PBXNativeTarget "weather" */;
			buildPhases = (
				DAA73470242089BB003B75FC /* Sources */,
				DAA73471242089BB003B75FC /* Frameworks */,
				DAA73472242089BB003B75FC /* Resources */,
			);
			buildRules = (
			);
			dependencies = (
			);
			name = weather;
			productName = weather;
			productReference = DAA73474242089BB003B75FC /* weather.app */;
			productType = "com.apple.product-type.application";
		};
		DAA73489242089C5003B75FC /* weatherTests */ = {
			isa = PBXNativeTarget;
			buildConfigurationList = DAA734A1242089C5003B75FC /* Build configuration list for PBXNativeTarget "weatherTests" */;
			buildPhases = (
				DAA73486242089C5003B75FC /* Sources */,
				DAA73487242089C5003B75FC /* Frameworks */,
				DAA73488242089C5003B75FC /* Resources */,
			);
			buildRules = (
			);
			dependencies = (
				DAA7348C242089C5003B75FC /* PBXTargetDependency */,
			);
			name = weatherTests;
			productName = weatherTests;
			productReference = DAA7348A242089C5003B75FC /* weatherTests.xctest */;
			productType = "com.apple.product-type.bundle.unit-test";
		};
		DAA73494242089C5003B75FC /* weatherUITests */ = {
			isa = PBXNativeTarget;
			buildConfigurationList = DAA734A4242089C5003B75FC /* Build configuration list for PBXNativeTarget "weatherUITests" */;
			buildPhases = (
				DAA73491242089C5003B75FC /* Sources */,
				DAA73492242089C5003B75FC /* Frameworks */,
				DAA73493242089C5003B75FC /* Resources */,
			);
			buildRules = (
			);
			dependencies = (
				DAA73497242089C5003B75FC /* PBXTargetDependency */,
			);
			name = weatherUITests;
			productName = weatherUITests;
			productReference = DAA73495242089C5003B75FC /* weatherUITests.xctest */;
			productType = "com.apple.product-type.bundle.ui-testing";
		};
/* End PBXNativeTarget section */

/* Begin PBXProject section */
		DAA7346C242089BB003B75FC /* Project object */ = {
			isa = PBXProject;
			attributes = {
				LastSwiftUpdateCheck = 1130;
				LastUpgradeCheck = 1130;
				ORGANIZATIONNAME = "Paul Min";
				TargetAttributes = {
					DAA73473242089BB003B75FC = {
						CreatedOnToolsVersion = 11.3.1;
					};
					DAA73489242089C5003B75FC = {
						CreatedOnToolsVersion = 11.3.1;
						TestTargetID = DAA73473242089BB003B75FC;
					};
					DAA73494242089C5003B75FC = {
						CreatedOnToolsVersion = 11.3.1;
						TestTargetID = DAA73473242089BB003B75FC;
					};
				};
			};
			buildConfigurationList = DAA7346F242089BB003B75FC /* Build configuration list for PBXProject "weather" */;
			compatibilityVersion = "Xcode 9.3";
			developmentRegion = en;
			hasScannedForEncodings = 0;
			knownRegions = (
				en,
				Base,
			);
			mainGroup = DAA7346B242089BB003B75FC;
			productRefGroup = DAA73475242089BB003B75FC /* Products */;
			projectDirPath = "";
			projectRoot = "";
			targets = (
				DAA73473242089BB003B75FC /* weather */,
				DAA73489242089C5003B75FC /* weatherTests */,
				DAA73494242089C5003B75FC /* weatherUITests */,
			);
		};
/* End PBXProject section */

/* Begin PBXResourcesBuildPhase section */
		DAA73472242089BB003B75FC /* Resources */ = {
			isa = PBXResourcesBuildPhase;
			buildActionMask = 2147483647;
			files = (
				DAA73484242089C4003B75FC /* LaunchScreen.storyboard in Resources */,
				DAA73481242089C4003B75FC /* Assets.xcassets in Resources */,
				DAA7347F242089BB003B75FC /* Main.storyboard in Resources */,
			);
			runOnlyForDeploymentPostprocessing = 0;
		};
		DAA73488242089C5003B75FC /* Resources */ = {
			isa = PBXResourcesBuildPhase;
			buildActionMask = 2147483647;
			files = (
			);
			runOnlyForDeploymentPostprocessing = 0;
		};
		DAA73493242089C5003B75FC /* Resources */ = {
			isa = PBXResourcesBuildPhase;
			buildActionMask = 2147483647;
			files = (
			);
			runOnlyForDeploymentPostprocessing = 0;
		};
/* End PBXResourcesBuildPhase section */

/* Begin PBXSourcesBuildPhase section */
		DAA73470242089BB003B75FC /* Sources */ = {
			isa = PBXSourcesBuildPhase;
			buildActionMask = 2147483647;
			files = (
				DAA7347C242089BB003B75FC /* ViewController.swift in Sources */,
				DAA73478242089BB003B75FC /* AppDelegate.swift in Sources */,
				DAA7347A242089BB003B75FC /* SceneDelegate.swift in Sources */,
			);
			runOnlyForDeploymentPostprocessing = 0;
		};
		DAA73486242089C5003B75FC /* Sources */ = {
			isa = PBXSourcesBuildPhase;
			buildActionMask = 2147483647;
			files = (
				DAA7348F242089C5003B75FC /* weatherTests.swift in Sources */,
			);
			runOnlyForDeploymentPostprocessing = 0;
		};
		DAA73491242089C5003B75FC /* Sources */ = {
			isa = PBXSourcesBuildPhase;
			buildActionMask = 2147483647;
			files = (
				DAA7349A242089C5003B75FC /* weatherUITests.swift in Sources */,
			);
			runOnlyForDeploymentPostprocessing = 0;
		};
/* End PBXSourcesBuildPhase section */

/* Begin PBXTargetDependency section */
		DAA7348C242089C5003B75FC /* PBXTargetDependency */ = {
			isa = PBXTargetDependency;
			target = DAA73473242089BB003B75FC /* weather */;
			targetProxy = DAA7348B242089C5003B75FC /* PBXContainerItemProxy */;
		};
		DAA73497242089C5003B75FC /* PBXTargetDependency */ = {
			isa = PBXTargetDependency;
			target = DAA73473242089BB003B75FC /* weather */;
			targetProxy = DAA73496242089C5003B75FC /* PBXContainerItemProxy */;
		};
/* End PBXTargetDependency section */

/* Begin PBXVariantGroup section */
		DAA7347D242089BB003B75FC /* Main.storyboard */ = {
			isa = PBXVariantGroup;
			children = (
				DAA7347E242089BB003B75FC /* Base */,
			);
			name = Main.storyboard;
			sourceTree = "<group>";
		};
		DAA73482242089C4003B75FC /* LaunchScreen.storyboard */ = {
			isa = PBXVariantGroup;
			children = (
				DAA73483242089C4003B75FC /* Base */,
			);
			name = LaunchScreen.storyboard;
			sourceTree = "<group>";
		};
/* End PBXVariantGroup section */

/* Begin XCBuildConfiguration section */
		DAA7349C242089C5003B75FC /* Debug */ = {
			isa = XCBuildConfiguration;
			buildSettings = {
				ALWAYS_SEARCH_USER_PATHS = NO;
				CLANG_ANALYZER_NONNULL = YES;
				CLANG_ANALYZER_NUMBER_OBJECT_CONVERSION = YES_AGGRESSIVE;
				CLANG_CXX_LANGUAGE_STANDARD = "gnu++14";
				CLANG_CXX_LIBRARY = "libc++";
				CLANG_ENABLE_MODULES = YES;
				CLANG_ENABLE_OBJC_ARC = YES;
				CLANG_ENABLE_OBJC_WEAK = YES;
				CLANG_WARN_BLOCK_CAPTURE_AUTORELEASING = YES;
				CLANG_WARN_BOOL_CONVERSION = YES;
				CLANG_WARN_COMMA = YES;
				CLANG_WARN_CONSTANT_CONVERSION = YES;
				CLANG_WARN_DEPRECATED_OBJC_IMPLEMENTATIONS = YES;
				CLANG_WARN_DIRECT_OBJC_ISA_USAGE = YES_ERROR;
				CLANG_WARN_DOCUMENTATION_COMMENTS = YES;
				CLANG_WARN_EMPTY_BODY = YES;
				CLANG_WARN_ENUM_CONVERSION = YES;
				CLANG_WARN_INFINITE_RECURSION = YES;
				CLANG_WARN_INT_CONVERSION = YES;
				CLANG_WARN_NON_LITERAL_NULL_CONVERSION = YES;
				CLANG_WARN_OBJC_IMPLICIT_RETAIN_SELF = YES;
				CLANG_WARN_OBJC_LITERAL_CONVERSION = YES;
				CLANG_WARN_OBJC_ROOT_CLASS = YES_ERROR;
				CLANG_WARN_RANGE_LOOP_ANALYSIS = YES;
				CLANG_WARN_STRICT_PROTOTYPES = YES;
				CLANG_WARN_SUSPICIOUS_MOVE = YES;
				CLANG_WARN_UNGUARDED_AVAILABILITY = YES_AGGRESSIVE;
				CLANG_WARN_UNREACHABLE_CODE = YES;
				CLANG_WARN__DUPLICATE_METHOD_MATCH = YES;
				COPY_PHASE_STRIP = NO;
				DEBUG_INFORMATION_FORMAT = dwarf;
				ENABLE_STRICT_OBJC_MSGSEND = YES;
				ENABLE_TESTABILITY = YES;
				GCC_C_LANGUAGE_STANDARD = gnu11;
				GCC_DYNAMIC_NO_PIC = NO;
				GCC_NO_COMMON_BLOCKS = YES;
				GCC_OPTIMIZATION_LEVEL = 0;
				GCC_PREPROCESSOR_DEFINITIONS = (
					"DEBUG=1",
					"$(inherited)",
				);
				GCC_WARN_64_TO_32_BIT_CONVERSION = YES;
				GCC_WARN_ABOUT_RETURN_TYPE = YES_ERROR;
				GCC_WARN_UNDECLARED_SELECTOR = YES;
				GCC_WARN_UNINITIALIZED_AUTOS = YES_AGGRESSIVE;
				GCC_WARN_UNUSED_FUNCTION = YES;
				GCC_WARN_UNUSED_VARIABLE = YES;
				IPHONEOS_DEPLOYMENT_TARGET = 13.2;
				MTL_ENABLE_DEBUG_INFO = INCLUDE_SOURCE;
				MTL_FAST_MATH = YES;
				ONLY_ACTIVE_ARCH = YES;
				SDKROOT = iphoneos;
				SWIFT_ACTIVE_COMPILATION_CONDITIONS = DEBUG;
				SWIFT_OPTIMIZATION_LEVEL = "-Onone";
			};
			name = Debug;
		};
		DAA7349D242089C5003B75FC /* Release */ = {
			isa = XCBuildConfiguration;
			buildSettings = {
				ALWAYS_SEARCH_USER_PATHS = NO;
				CLANG_ANALYZER_NONNULL = YES;
				CLANG_ANALYZER_NUMBER_OBJECT_CONVERSION = YES_AGGRESSIVE;
				CLANG_CXX_LANGUAGE_STANDARD = "gnu++14";
				CLANG_CXX_LIBRARY = "libc++";
				CLANG_ENABLE_MODULES = YES;
				CLANG_ENABLE_OBJC_ARC = YES;
				CLANG_ENABLE_OBJC_WEAK = YES;
				CLANG_WARN_BLOCK_CAPTURE_AUTORELEASING = YES;
				CLANG_WARN_BOOL_CONVERSION = YES;
				CLANG_WARN_COMMA = YES;
				CLANG_WARN_CONSTANT_CONVERSION = YES;
				CLANG_WARN_DEPRECATED_OBJC_IMPLEMENTATIONS = YES;
				CLANG_WARN_DIRECT_OBJC_ISA_USAGE = YES_ERROR;
				CLANG_WARN_DOCUMENTATION_COMMENTS = YES;
				CLANG_WARN_EMPTY_BODY = YES;
				CLANG_WARN_ENUM_CONVERSION = YES;
				CLANG_WARN_INFINITE_RECURSION = YES;
				CLANG_WARN_INT_CONVERSION = YES;
				CLANG_WARN_NON_LITERAL_NULL_CONVERSION = YES;
				CLANG_WARN_OBJC_IMPLICIT_RETAIN_SELF = YES;
				CLANG_WARN_OBJC_LITERAL_CONVERSION = YES;
				CLANG_WARN_OBJC_ROOT_CLASS = YES_ERROR;
				CLANG_WARN_RANGE_LOOP_ANALYSIS = YES;
				CLANG_WARN_STRICT_PROTOTYPES = YES;
				CLANG_WARN_SUSPICIOUS_MOVE = YES;
				CLANG_WARN_UNGUARDED_AVAILABILITY = YES_AGGRESSIVE;
				CLANG_WARN_UNREACHABLE_CODE = YES;
				CLANG_WARN__DUPLICATE_METHOD_MATCH = YES;
				COPY_PHASE_STRIP = NO;
				DEBUG_INFORMATION_FORMAT = "dwarf-with-dsym";
				ENABLE_NS_ASSERTIONS = NO;
				ENABLE_STRICT_OBJC_MSGSEND = YES;
				GCC_C_LANGUAGE_STANDARD = gnu11;
				GCC_NO_COMMON_BLOCKS = YES;
				GCC_WARN_64_TO_32_BIT_CONVERSION = YES;
				GCC_WARN_ABOUT_RETURN_TYPE = YES_ERROR;
				GCC_WARN_UNDECLARED_SELECTOR = YES;
				GCC_WARN_UNINITIALIZED_AUTOS = YES_AGGRESSIVE;
				GCC_WARN_UNUSED_FUNCTION = YES;
				GCC_WARN_UNUSED_VARIABLE = YES;
				IPHONEOS_DEPLOYMENT_TARGET = 13.2;
				MTL_ENABLE_DEBUG_INFO = NO;
				MTL_FAST_MATH = YES;
				SDKROOT = iphoneos;
				SWIFT_COMPILATION_MODE = wholemodule;
				SWIFT_OPTIMIZATION_LEVEL = "-O";
				VALIDATE_PRODUCT = YES;
			};
			name = Release;
		};
		DAA7349F242089C5003B75FC /* Debug */ = {
			isa = XCBuildConfiguration;
			buildSettings = {
				ASSETCATALOG_COMPILER_APPICON_NAME = AppIcon;
				CODE_SIGN_STYLE = Automatic;
				DEVELOPMENT_TEAM = LXAHQK4K4A;
				INFOPLIST_FILE = weather/Info.plist;
				LD_RUNPATH_SEARCH_PATHS = (
					"$(inherited)",
					"@executable_path/Frameworks",
				);
				PRODUCT_BUNDLE_IDENTIFIER = com.paulmin.weather;
				PRODUCT_NAME = "$(TARGET_NAME)";
				SWIFT_VERSION = 5.0;
				TARGETED_DEVICE_FAMILY = "1,2";
			};
			name = Debug;
		};
		DAA734A0242089C5003B75FC /* Release */ = {
			isa = XCBuildConfiguration;
			buildSettings = {
				ASSETCATALOG_COMPILER_APPICON_NAME = AppIcon;
				CODE_SIGN_STYLE = Automatic;
				DEVELOPMENT_TEAM = LXAHQK4K4A;
				INFOPLIST_FILE = weather/Info.plist;
				LD_RUNPATH_SEARCH_PATHS = (
					"$(inherited)",
					"@executable_path/Frameworks",
				);
				PRODUCT_BUNDLE_IDENTIFIER = com.paulmin.weather;
				PRODUCT_NAME = "$(TARGET_NAME)";
				SWIFT_VERSION = 5.0;
				TARGETED_DEVICE_FAMILY = "1,2";
			};
			name = Release;
		};
		DAA734A2242089C5003B75FC /* Debug */ = {
			isa = XCBuildConfiguration;
			buildSettings = {
				ALWAYS_EMBED_SWIFT_STANDARD_LIBRARIES = YES;
				BUNDLE_LOADER = "$(TEST_HOST)";
				CODE_SIGN_STYLE = Automatic;
				DEVELOPMENT_TEAM = LXAHQK4K4A;
				INFOPLIST_FILE = weatherTests/Info.plist;
				IPHONEOS_DEPLOYMENT_TARGET = 13.2;
				LD_RUNPATH_SEARCH_PATHS = (
					"$(inherited)",
					"@executable_path/Frameworks",
					"@loader_path/Frameworks",
				);
				PRODUCT_BUNDLE_IDENTIFIER = com.paulmin.weatherTests;
				PRODUCT_NAME = "$(TARGET_NAME)";
				SWIFT_VERSION = 5.0;
				TARGETED_DEVICE_FAMILY = "1,2";
				TEST_HOST = "$(BUILT_PRODUCTS_DIR)/weather.app/weather";
			};
			name = Debug;
		};
		DAA734A3242089C5003B75FC /* Release */ = {
			isa = XCBuildConfiguration;
			buildSettings = {
				ALWAYS_EMBED_SWIFT_STANDARD_LIBRARIES = YES;
				BUNDLE_LOADER = "$(TEST_HOST)";
				CODE_SIGN_STYLE = Automatic;
				DEVELOPMENT_TEAM = LXAHQK4K4A;
				INFOPLIST_FILE = weatherTests/Info.plist;
				IPHONEOS_DEPLOYMENT_TARGET = 13.2;
				LD_RUNPATH_SEARCH_PATHS = (
					"$(inherited)",
					"@executable_path/Frameworks",
					"@loader_path/Frameworks",
				);
				PRODUCT_BUNDLE_IDENTIFIER = com.paulmin.weatherTests;
				PRODUCT_NAME = "$(TARGET_NAME)";
				SWIFT_VERSION = 5.0;
				TARGETED_DEVICE_FAMILY = "1,2";
				TEST_HOST = "$(BUILT_PRODUCTS_DIR)/weather.app/weather";
			};
			name = Release;
		};
		DAA734A5242089C5003B75FC /* Debug */ = {
			isa = XCBuildConfiguration;
			buildSettings = {
				ALWAYS_EMBED_SWIFT_STANDARD_LIBRARIES = YES;
				CODE_SIGN_STYLE = Automatic;
				DEVELOPMENT_TEAM = LXAHQK4K4A;
				INFOPLIST_FILE = weatherUITests/Info.plist;
				LD_RUNPATH_SEARCH_PATHS = (
					"$(inherited)",
					"@executable_path/Frameworks",
					"@loader_path/Frameworks",
				);
				PRODUCT_BUNDLE_IDENTIFIER = com.paulmin.weatherUITests;
				PRODUCT_NAME = "$(TARGET_NAME)";
				SWIFT_VERSION = 5.0;
				TARGETED_DEVICE_FAMILY = "1,2";
				TEST_TARGET_NAME = weather;
			};
			name = Debug;
		};
		DAA734A6242089C5003B75FC /* Release */ = {
			isa = XCBuildConfiguration;
			buildSettings = {
				ALWAYS_EMBED_SWIFT_STANDARD_LIBRARIES = YES;
				CODE_SIGN_STYLE = Automatic;
				DEVELOPMENT_TEAM = LXAHQK4K4A;
				INFOPLIST_FILE = weatherUITests/Info.plist;
				LD_RUNPATH_SEARCH_PATHS = (
					"$(inherited)",
					"@executable_path/Frameworks",
					"@loader_path/Frameworks",
				);
				PRODUCT_BUNDLE_IDENTIFIER = com.paulmin.weatherUITests;
				PRODUCT_NAME = "$(TARGET_NAME)";
				SWIFT_VERSION = 5.0;
				TARGETED_DEVICE_FAMILY = "1,2";
				TEST_TARGET_NAME = weather;
			};
			name = Release;
		};
/* End XCBuildConfiguration section */

/* Begin XCConfigurationList section */
		DAA7346F242089BB003B75FC /* Build configuration list for PBXProject "weather" */ = {
			isa = XCConfigurationList;
			buildConfigurations = (
				DAA7349C242089C5003B75FC /* Debug */,
				DAA7349D242089C5003B75FC /* Release */,
			);
			defaultConfigurationIsVisible = 0;
			defaultConfigurationName = Release;
		};
		DAA7349E242089C5003B75FC /* Build configuration list for PBXNativeTarget "weather" */ = {
			isa = XCConfigurationList;
			buildConfigurations = (
				DAA7349F242089C5003B75FC /* Debug */,
				DAA734A0242089C5003B75FC /* Release */,
			);
			defaultConfigurationIsVisible = 0;
			defaultConfigurationName = Release;
		};
		DAA734A1242089C5003B75FC /* Build configuration list for PBXNativeTarget "weatherTests" */ = {
			isa = XCConfigurationList;
			buildConfigurations = (
				DAA734A2242089C5003B75FC /* Debug */,
				DAA734A3242089C5003B75FC /* Release */,
			);
			defaultConfigurationIsVisible = 0;
			defaultConfigurationName = Release;
		};
		DAA734A4242089C5003B75FC /* Build configuration list for PBXNativeTarget "weatherUITests" */ = {
			isa = XCConfigurationList;
			buildConfigurations = (
				DAA734A5242089C5003B75FC /* Debug */,
				DAA734A6242089C5003B75FC /* Release */,
			);
			defaultConfigurationIsVisible = 0;
			defaultConfigurationName = Release;
		};
/* End XCConfigurationList section */
	};
	rootObject = DAA7346C242089BB003B75FC /* Project object */;
}
